
Microsoft Visual Studio Solution File, Format Version 12.00
# Visual Studio Version 17
VisualStudioVersion = 17.2.32630.192
MinimumVisualStudioVersion = 10.0.40219.1
Project("{FAE04EC0-301F-11D3-BF4B-00C04F79EFBC}") = "Model-View-Controller", "Model-View-Controller\Model-View-Controller.csproj", "{43BEBA16-AD37-4D04-A475-C8E2268ABBED}"
EndProject
Global
	GlobalSection(SolutionConfigurationPlatforms) = preSolution
		Debug|Any CPU = Debug|Any CPU
		Release|Any CPU = Release|Any CPU
	EndGlobalSection
	GlobalSection(ProjectConfigurationPlatforms) = postSolution
		{43BEBA16-AD37-4D04-A475-C8E2268ABBED}.Debug|Any CPU.ActiveCfg = Debug|Any CPU
		{43BEBA16-AD37-4D04-A475-C8E2268ABBED}.Debug|Any CPU.Build.0 = Debug|Any CPU
		{43BEBA16-AD37-4D04-A475-C8E2268ABBED}.Release|Any CPU.ActiveCfg = Release|Any CPU
		{43BEBA16-AD37-4D04-A475-C8E2268ABBED}.Release|Any CPU.Build.0 = Release|Any CPU
	EndGlobalSection
	GlobalSection(SolutionProperties) = preSolution
		HideSolutionNode = FALSE
	EndGlobalSection
	GlobalSection(ExtensibilityGlobals) = postSolution
		SolutionGuid = {7DC51C65-28C4-44C6-A0F7-8DA2EF71B4E8}
	EndGlobalSection
EndGlobal
